
Microsoft Visual Studio Solution File, Format Version 12.00
# Visual Studio Version 17
VisualStudioVersion = 17.5.002.0
MinimumVisualStudioVersion = 10.0.40219.1
Project("{9A19103F-16F7-4668-BE54-9A1E7A4F7556}") = "05_constructtypes-static", "05_constructtypes-static.csproj", "{10DD82B7-9F4C-4AE7-AFBE-A9AA4AF87743}"
EndProject
Global
	GlobalSection(SolutionConfigurationPlatforms) = preSolution
		Debug|Any CPU = Debug|Any CPU
		Release|Any CPU = Release|Any CPU
	EndGlobalSection
	GlobalSection(ProjectConfigurationPlatforms) = postSolution
		{10DD82B7-9F4C-4AE7-AFBE-A9AA4AF87743}.Debug|Any CPU.ActiveCfg = Debug|Any CPU
		{10DD82B7-9F4C-4AE7-AFBE-A9AA4AF87743}.Debug|Any CPU.Build.0 = Debug|Any CPU
		{10DD82B7-9F4C-4AE7-AFBE-A9AA4AF87743}.Release|Any CPU.ActiveCfg = Release|Any CPU
		{10DD82B7-9F4C-4AE7-AFBE-A9AA4AF87743}.Release|Any CPU.Build.0 = Release|Any CPU
	EndGlobalSection
	GlobalSection(SolutionProperties) = preSolution
		HideSolutionNode = FALSE
	EndGlobalSection
	GlobalSection(ExtensibilityGlobals) = postSolution
		SolutionGuid = {EB616551-99A8-44C6-A3C5-8D43EA63BD6F}
	EndGlobalSection
EndGlobal
