
Microsoft Visual Studio Solution File, Format Version 12.00
# Visual Studio Version 17
VisualStudioVersion = 17.5.002.0
MinimumVisualStudioVersion = 10.0.40219.1
Project("{9A19103F-16F7-4668-BE54-9A1E7A4F7556}") = "19_Enumeration", "19_Enumeration.csproj", "{8974BE13-A154-4434-B143-BC769990D507}"
EndProject
Global
	GlobalSection(SolutionConfigurationPlatforms) = preSolution
		Debug|Any CPU = Debug|Any CPU
		Release|Any CPU = Release|Any CPU
	EndGlobalSection
	GlobalSection(ProjectConfigurationPlatforms) = postSolution
		{8974BE13-A154-4434-B143-BC769990D507}.Debug|Any CPU.ActiveCfg = Debug|Any CPU
		{8974BE13-A154-4434-B143-BC769990D507}.Debug|Any CPU.Build.0 = Debug|Any CPU
		{8974BE13-A154-4434-B143-BC769990D507}.Release|Any CPU.ActiveCfg = Release|Any CPU
		{8974BE13-A154-4434-B143-BC769990D507}.Release|Any CPU.Build.0 = Release|Any CPU
	EndGlobalSection
	GlobalSection(SolutionProperties) = preSolution
		HideSolutionNode = FALSE
	EndGlobalSection
	GlobalSection(ExtensibilityGlobals) = postSolution
		SolutionGuid = {A3179492-562D-4BEC-9E5F-3E1083B07274}
	EndGlobalSection
EndGlobal
