
Microsoft Visual Studio Solution File, Format Version 12.00
# Visual Studio Version 17
VisualStudioVersion = 17.5.002.0
MinimumVisualStudioVersion = 10.0.40219.1
Project("{9A19103F-16F7-4668-BE54-9A1E7A4F7556}") = "23_MulticastDelegate", "23_MulticastDelegate.csproj", "{019635A9-21D0-4F1A-9B27-15436D35D9A5}"
EndProject
Global
	GlobalSection(SolutionConfigurationPlatforms) = preSolution
		Debug|Any CPU = Debug|Any CPU
		Release|Any CPU = Release|Any CPU
	EndGlobalSection
	GlobalSection(ProjectConfigurationPlatforms) = postSolution
		{019635A9-21D0-4F1A-9B27-15436D35D9A5}.Debug|Any CPU.ActiveCfg = Debug|Any CPU
		{019635A9-21D0-4F1A-9B27-15436D35D9A5}.Debug|Any CPU.Build.0 = Debug|Any CPU
		{019635A9-21D0-4F1A-9B27-15436D35D9A5}.Release|Any CPU.ActiveCfg = Release|Any CPU
		{019635A9-21D0-4F1A-9B27-15436D35D9A5}.Release|Any CPU.Build.0 = Release|Any CPU
	EndGlobalSection
	GlobalSection(SolutionProperties) = preSolution
		HideSolutionNode = FALSE
	EndGlobalSection
	GlobalSection(ExtensibilityGlobals) = postSolution
		SolutionGuid = {849197B6-FC0F-4218-9672-BDE58861828C}
	EndGlobalSection
EndGlobal
