
Microsoft Visual Studio Solution File, Format Version 12.00
# Visual Studio Version 17
VisualStudioVersion = 17.5.002.0
MinimumVisualStudioVersion = 10.0.40219.1
Project("{9A19103F-16F7-4668-BE54-9A1E7A4F7556}") = "01_Constructors", "01_Constructors.csproj", "{114EB3A0-65CF-41D3-9E01-E933DB60A4DD}"
EndProject
Global
	GlobalSection(SolutionConfigurationPlatforms) = preSolution
		Debug|Any CPU = Debug|Any CPU
		Release|Any CPU = Release|Any CPU
	EndGlobalSection
	GlobalSection(ProjectConfigurationPlatforms) = postSolution
		{114EB3A0-65CF-41D3-9E01-E933DB60A4DD}.Debug|Any CPU.ActiveCfg = Debug|Any CPU
		{114EB3A0-65CF-41D3-9E01-E933DB60A4DD}.Debug|Any CPU.Build.0 = Debug|Any CPU
		{114EB3A0-65CF-41D3-9E01-E933DB60A4DD}.Release|Any CPU.ActiveCfg = Release|Any CPU
		{114EB3A0-65CF-41D3-9E01-E933DB60A4DD}.Release|Any CPU.Build.0 = Release|Any CPU
	EndGlobalSection
	GlobalSection(SolutionProperties) = preSolution
		HideSolutionNode = FALSE
	EndGlobalSection
	GlobalSection(ExtensibilityGlobals) = postSolution
		SolutionGuid = {C1603512-3044-421A-AB24-E0BAFC745CFB}
	EndGlobalSection
EndGlobal
