
Microsoft Visual Studio Solution File, Format Version 12.00
# Visual Studio Version 17
VisualStudioVersion = 17.5.002.0
MinimumVisualStudioVersion = 10.0.40219.1
Project("{9A19103F-16F7-4668-BE54-9A1E7A4F7556}") = "06_instance&reference", "06_instance&reference.csproj", "{1035ABD0-8D68-4C9B-9EE3-982FC50BA96B}"
EndProject
Global
	GlobalSection(SolutionConfigurationPlatforms) = preSolution
		Debug|Any CPU = Debug|Any CPU
		Release|Any CPU = Release|Any CPU
	EndGlobalSection
	GlobalSection(ProjectConfigurationPlatforms) = postSolution
		{1035ABD0-8D68-4C9B-9EE3-982FC50BA96B}.Debug|Any CPU.ActiveCfg = Debug|Any CPU
		{1035ABD0-8D68-4C9B-9EE3-982FC50BA96B}.Debug|Any CPU.Build.0 = Debug|Any CPU
		{1035ABD0-8D68-4C9B-9EE3-982FC50BA96B}.Release|Any CPU.ActiveCfg = Release|Any CPU
		{1035ABD0-8D68-4C9B-9EE3-982FC50BA96B}.Release|Any CPU.Build.0 = Release|Any CPU
	EndGlobalSection
	GlobalSection(SolutionProperties) = preSolution
		HideSolutionNode = FALSE
	EndGlobalSection
	GlobalSection(ExtensibilityGlobals) = postSolution
		SolutionGuid = {892610D2-0219-4B38-8F4D-9FBA425A74E6}
	EndGlobalSection
EndGlobal
