
Microsoft Visual Studio Solution File, Format Version 12.00
# Visual Studio Version 17
VisualStudioVersion = 17.5.002.0
MinimumVisualStudioVersion = 10.0.40219.1
Project("{9A19103F-16F7-4668-BE54-9A1E7A4F7556}") = "12_overriding", "12_overriding.csproj", "{8373A6A6-C5B4-42ED-930A-BC38C4C801EA}"
EndProject
Global
	GlobalSection(SolutionConfigurationPlatforms) = preSolution
		Debug|Any CPU = Debug|Any CPU
		Release|Any CPU = Release|Any CPU
	EndGlobalSection
	GlobalSection(ProjectConfigurationPlatforms) = postSolution
		{8373A6A6-C5B4-42ED-930A-BC38C4C801EA}.Debug|Any CPU.ActiveCfg = Debug|Any CPU
		{8373A6A6-C5B4-42ED-930A-BC38C4C801EA}.Debug|Any CPU.Build.0 = Debug|Any CPU
		{8373A6A6-C5B4-42ED-930A-BC38C4C801EA}.Release|Any CPU.ActiveCfg = Release|Any CPU
		{8373A6A6-C5B4-42ED-930A-BC38C4C801EA}.Release|Any CPU.Build.0 = Release|Any CPU
	EndGlobalSection
	GlobalSection(SolutionProperties) = preSolution
		HideSolutionNode = FALSE
	EndGlobalSection
	GlobalSection(ExtensibilityGlobals) = postSolution
		SolutionGuid = {32CC7E90-2AE0-412A-AF5C-8721D0426A4C}
	EndGlobalSection
EndGlobal
