
Microsoft Visual Studio Solution File, Format Version 12.00
# Visual Studio Version 17
VisualStudioVersion = 17.5.002.0
MinimumVisualStudioVersion = 10.0.40219.1
Project("{9A19103F-16F7-4668-BE54-9A1E7A4F7556}") = "11_overloading", "11_overloading.csproj", "{C3A7F47F-6CAB-4E13-8740-2D031B94A364}"
EndProject
Global
	GlobalSection(SolutionConfigurationPlatforms) = preSolution
		Debug|Any CPU = Debug|Any CPU
		Release|Any CPU = Release|Any CPU
	EndGlobalSection
	GlobalSection(ProjectConfigurationPlatforms) = postSolution
		{C3A7F47F-6CAB-4E13-8740-2D031B94A364}.Debug|Any CPU.ActiveCfg = Debug|Any CPU
		{C3A7F47F-6CAB-4E13-8740-2D031B94A364}.Debug|Any CPU.Build.0 = Debug|Any CPU
		{C3A7F47F-6CAB-4E13-8740-2D031B94A364}.Release|Any CPU.ActiveCfg = Release|Any CPU
		{C3A7F47F-6CAB-4E13-8740-2D031B94A364}.Release|Any CPU.Build.0 = Release|Any CPU
	EndGlobalSection
	GlobalSection(SolutionProperties) = preSolution
		HideSolutionNode = FALSE
	EndGlobalSection
	GlobalSection(ExtensibilityGlobals) = postSolution
		SolutionGuid = {5D78D193-91B3-4A58-8A40-3008157716B1}
	EndGlobalSection
EndGlobal
