
Microsoft Visual Studio Solution File, Format Version 12.00
# Visual Studio Version 17
VisualStudioVersion = 17.5.002.0
MinimumVisualStudioVersion = 10.0.40219.1
Project("{9A19103F-16F7-4668-BE54-9A1E7A4F7556}") = "17_MultipleInheritance", "17_MultipleInheritance.csproj", "{0CB8CF72-967E-496E-8504-BC57E4124588}"
EndProject
Global
	GlobalSection(SolutionConfigurationPlatforms) = preSolution
		Debug|Any CPU = Debug|Any CPU
		Release|Any CPU = Release|Any CPU
	EndGlobalSection
	GlobalSection(ProjectConfigurationPlatforms) = postSolution
		{0CB8CF72-967E-496E-8504-BC57E4124588}.Debug|Any CPU.ActiveCfg = Debug|Any CPU
		{0CB8CF72-967E-496E-8504-BC57E4124588}.Debug|Any CPU.Build.0 = Debug|Any CPU
		{0CB8CF72-967E-496E-8504-BC57E4124588}.Release|Any CPU.ActiveCfg = Release|Any CPU
		{0CB8CF72-967E-496E-8504-BC57E4124588}.Release|Any CPU.Build.0 = Release|Any CPU
	EndGlobalSection
	GlobalSection(SolutionProperties) = preSolution
		HideSolutionNode = FALSE
	EndGlobalSection
	GlobalSection(ExtensibilityGlobals) = postSolution
		SolutionGuid = {9D212AD5-8B18-4645-A739-136FFA29AEB8}
	EndGlobalSection
EndGlobal
