
Microsoft Visual Studio Solution File, Format Version 12.00
# Visual Studio Version 17
VisualStudioVersion = 17.5.002.0
MinimumVisualStudioVersion = 10.0.40219.1
Project("{9A19103F-16F7-4668-BE54-9A1E7A4F7556}") = "25_LamdaExpression", "25_LamdaExpression.csproj", "{51A4FD1A-3696-4AA0-8605-2B5689D1BAF7}"
EndProject
Global
	GlobalSection(SolutionConfigurationPlatforms) = preSolution
		Debug|Any CPU = Debug|Any CPU
		Release|Any CPU = Release|Any CPU
	EndGlobalSection
	GlobalSection(ProjectConfigurationPlatforms) = postSolution
		{51A4FD1A-3696-4AA0-8605-2B5689D1BAF7}.Debug|Any CPU.ActiveCfg = Debug|Any CPU
		{51A4FD1A-3696-4AA0-8605-2B5689D1BAF7}.Debug|Any CPU.Build.0 = Debug|Any CPU
		{51A4FD1A-3696-4AA0-8605-2B5689D1BAF7}.Release|Any CPU.ActiveCfg = Release|Any CPU
		{51A4FD1A-3696-4AA0-8605-2B5689D1BAF7}.Release|Any CPU.Build.0 = Release|Any CPU
	EndGlobalSection
	GlobalSection(SolutionProperties) = preSolution
		HideSolutionNode = FALSE
	EndGlobalSection
	GlobalSection(ExtensibilityGlobals) = postSolution
		SolutionGuid = {77294E39-70A7-4781-A978-92D76F68886C}
	EndGlobalSection
EndGlobal
