
Microsoft Visual Studio Solution File, Format Version 12.00
# Visual Studio Version 17
VisualStudioVersion = 17.5.002.0
MinimumVisualStudioVersion = 10.0.40219.1
Project("{9A19103F-16F7-4668-BE54-9A1E7A4F7556}") = "02_Exp-Constructors", "02_Exp-Constructors.csproj", "{B322EFE5-41E8-42BB-AF46-F68A259DBA4F}"
EndProject
Global
	GlobalSection(SolutionConfigurationPlatforms) = preSolution
		Debug|Any CPU = Debug|Any CPU
		Release|Any CPU = Release|Any CPU
	EndGlobalSection
	GlobalSection(ProjectConfigurationPlatforms) = postSolution
		{B322EFE5-41E8-42BB-AF46-F68A259DBA4F}.Debug|Any CPU.ActiveCfg = Debug|Any CPU
		{B322EFE5-41E8-42BB-AF46-F68A259DBA4F}.Debug|Any CPU.Build.0 = Debug|Any CPU
		{B322EFE5-41E8-42BB-AF46-F68A259DBA4F}.Release|Any CPU.ActiveCfg = Release|Any CPU
		{B322EFE5-41E8-42BB-AF46-F68A259DBA4F}.Release|Any CPU.Build.0 = Release|Any CPU
	EndGlobalSection
	GlobalSection(SolutionProperties) = preSolution
		HideSolutionNode = FALSE
	EndGlobalSection
	GlobalSection(ExtensibilityGlobals) = postSolution
		SolutionGuid = {2429AB00-E1F1-4000-8183-2293F331E0B6}
	EndGlobalSection
EndGlobal
