
Microsoft Visual Studio Solution File, Format Version 12.00
# Visual Studio Version 17
VisualStudioVersion = 17.5.002.0
MinimumVisualStudioVersion = 10.0.40219.1
Project("{9A19103F-16F7-4668-BE54-9A1E7A4F7556}") = "07_access-specifier", "07_access-specifier.csproj", "{4AC72966-3E61-4665-B57B-038D0543E14D}"
EndProject
Global
	GlobalSection(SolutionConfigurationPlatforms) = preSolution
		Debug|Any CPU = Debug|Any CPU
		Release|Any CPU = Release|Any CPU
	EndGlobalSection
	GlobalSection(ProjectConfigurationPlatforms) = postSolution
		{4AC72966-3E61-4665-B57B-038D0543E14D}.Debug|Any CPU.ActiveCfg = Debug|Any CPU
		{4AC72966-3E61-4665-B57B-038D0543E14D}.Debug|Any CPU.Build.0 = Debug|Any CPU
		{4AC72966-3E61-4665-B57B-038D0543E14D}.Release|Any CPU.ActiveCfg = Release|Any CPU
		{4AC72966-3E61-4665-B57B-038D0543E14D}.Release|Any CPU.Build.0 = Release|Any CPU
	EndGlobalSection
	GlobalSection(SolutionProperties) = preSolution
		HideSolutionNode = FALSE
	EndGlobalSection
	GlobalSection(ExtensibilityGlobals) = postSolution
		SolutionGuid = {7F5DE4E3-DF91-438B-A60A-A2B45C14CF75}
	EndGlobalSection
EndGlobal
